<?xml version="1.0" encoding="utf-8"?>
<Project ToolsVersion="4.0" xmlns="http://schemas.microsoft.com/developer/msbuild/2003">
  <ItemGroup>
    <Filter Include="源文件">
      <UniqueIdentifier>{4FC737F1-C7A5-4376-A066-2A32D752A2FF}</UniqueIdentifier>
      <Extensions>cpp;c;cc;cxx;def;odl;idl;hpj;bat;asm;asmx</Extensions>
    </Filter>
    <Filter Include="头文件">
      <UniqueIdentifier>{93995380-89BD-4b04-88EB-625FBE52EBFB}</UniqueIdentifier>
      <Extensions>h;hh;hpp;hxx;hm;inl;inc;xsd</Extensions>
    </Filter>
    <Filter Include="资源文件">
      <UniqueIdentifier>{67DA6AB6-F800-4c08-8B7A-83BB121AAD01}</UniqueIdentifier>
      <Extensions>rc;ico;cur;bmp;dlg;rc2;rct;bin;rgs;gif;jpg;jpeg;jpe;resx;tiff;tif;png;wav;mfcribbon-ms</Extensions>
    </Filter>
    <Filter Include="chapter1">
      <UniqueIdentifier>{0a1c611b-b5a0-4a9d-af2c-5d16b5310d6c}</UniqueIdentifier>
    </Filter>
    <Filter Include="chapter2">
      <UniqueIdentifier>{1c389a56-74d4-437b-960b-7315a3dd7d97}</UniqueIdentifier>
    </Filter>
    <Filter Include="log">
      <UniqueIdentifier>{249facff-e40d-4492-b869-bb2e1d4ed9ee}</UniqueIdentifier>
    </Filter>
    <Filter Include="chapter3">
      <UniqueIdentifier>{6f0f95f8-9b4b-4631-a4fa-dd85d3547779}</UniqueIdentifier>
    </Filter>
    <Filter Include="chapter4">
      <UniqueIdentifier>{aede19cd-4651-4490-a42a-3fc4d44b3ba2}</UniqueIdentifier>
    </Filter>
    <Filter Include="chapter5">
      <UniqueIdentifier>{49157919-aab1-4c8a-8208-b5fdcf63e376}</UniqueIdentifier>
    </Filter>
  </ItemGroup>
  <ItemGroup>
    <Text Include="ReadMe.txt" />
  </ItemGroup>
  <ItemGroup>
    <ClInclude Include="stdafx.h">
      <Filter>头文件</Filter>
    </ClInclude>
    <ClInclude Include="targetver.h">
      <Filter>头文件</Filter>
    </ClInclude>
    <ClInclude Include="thread_test.h">
      <Filter>chapter1</Filter>
    </ClInclude>
    <ClInclude Include="thread_manage.h">
      <Filter>chapter2</Filter>
    </ClInclude>
    <ClInclude Include="console_log.h">
      <Filter>log</Filter>
    </ClInclude>
    <ClInclude Include="common_def.h">
      <Filter>头文件</Filter>
    </ClInclude>
    <ClInclude Include="thread_sharing_data.h">
      <Filter>chapter3</Filter>
    </ClInclude>
    <ClInclude Include="synchronizing_concurrent_operations.h">
      <Filter>chapter4</Filter>
    </ClInclude>
    <ClInclude Include="atomic_memery_model_operations.h">
      <Filter>chapter5</Filter>
    </ClInclude>
  </ItemGroup>
  <ItemGroup>
    <ClCompile Include="stdafx.cpp">
      <Filter>源文件</Filter>
    </ClCompile>
    <ClCompile Include="cpp_concurrency_in_action.cpp">
      <Filter>源文件</Filter>
    </ClCompile>
    <ClCompile Include="thread_test.cpp">
      <Filter>chapter1</Filter>
    </ClCompile>
    <ClCompile Include="thread_manage.cpp">
      <Filter>chapter2</Filter>
    </ClCompile>
    <ClCompile Include="console_log.cpp">
      <Filter>log</Filter>
    </ClCompile>
    <ClCompile Include="thread_sharing_data.cpp">
      <Filter>chapter3</Filter>
    </ClCompile>
    <ClCompile Include="synchronizing_concurrent_operations.cpp">
      <Filter>chapter4</Filter>
    </ClCompile>
    <ClCompile Include="atomic_memery_model_operations.cpp">
      <Filter>chapter5</Filter>
    </ClCompile>
  </ItemGroup>
</Project>